{
  "version": "5",
  "specifiers": {
    "jsr:@can/si@0.1.0-rc.1": "0.1.0-rc.1",
    "jsr:@david/dax@0.42.0": "0.42.0",
    "jsr:@david/path@0.2": "0.2.0",
    "jsr:@david/temp@~0.1.1": "0.1.1",
    "jsr:@david/which@~0.4.1": "0.4.1",
    "jsr:@nick/lz4@0.1.0": "0.1.0",
    "jsr:@std/assert@0.221": "0.221.0",
    "jsr:@std/bytes@0.221": "0.221.0",
    "jsr:@std/fmt@1": "1.0.8",
    "jsr:@std/fmt@^1.0.6": "1.0.8",
    "jsr:@std/fs@1": "1.0.18",
    "jsr:@std/io@0.221": "0.221.0",
    "jsr:@std/path@1": "1.1.0",
    "jsr:@std/path@^1.1.0": "1.1.0",
    "jsr:@std/streams@0.221": "0.221.0",
    "jsr:@std/streams@^1.0.9": "1.0.9",
    "jsr:@std/tar@~0.1.4": "0.1.6",
    "npm:lz4js@0.2.0": "0.2.0"
  },
  "jsr": {
    "@can/si@0.1.0-rc.1": {
      "integrity": "2df31ab7c718d9fb0a8498a71aab78af44eecf7f3bba2ba97e6fde13ff6953eb",
      "dependencies": [
        "jsr:@std/fmt@^1.0.6"
      ]
    },
    "@david/dax@0.42.0": {
      "integrity": "0c547c9a20577a6072b90def194c159c9ddab82280285ebfd8268a4ebefbd80b",
      "dependencies": [
        "jsr:@david/path",
        "jsr:@david/which",
        "jsr:@std/fmt@1",
        "jsr:@std/fs",
        "jsr:@std/io",
        "jsr:@std/path@1",
        "jsr:@std/streams@0.221"
      ]
    },
    "@david/path@0.2.0": {
      "integrity": "f2d7aa7f02ce5a55e27c09f9f1381794acb09d328f8d3c8a2e3ab3ffc294dccd",
      "dependencies": [
        "jsr:@std/fs",
        "jsr:@std/path@1"
      ]
    },
    "@david/temp@0.1.1": {
      "integrity": "3974e3aa76536bd831294b72f5b70bfb67af3f4119ae334360e321f6ded18840",
      "dependencies": [
        "jsr:@david/path"
      ]
    },
    "@david/which@0.4.1": {
      "integrity": "896a682b111f92ab866cc70c5b4afab2f5899d2f9bde31ed00203b9c250f225e"
    },
    "@nick/lz4@0.1.0": {
      "integrity": "a91557f433d24bac4edc72aba320e23a0784236fbf692a0594e3901c1c491ac4"
    },
    "@std/assert@0.221.0": {
      "integrity": "a5f1aa6e7909dbea271754fd4ab3f4e687aeff4873b4cef9a320af813adb489a"
    },
    "@std/bytes@0.221.0": {
      "integrity": "64a047011cf833890a4a2ab7293ac55a1b4f5a050624ebc6a0159c357de91966"
    },
    "@std/fmt@1.0.8": {
      "integrity": "71e1fc498787e4434d213647a6e43e794af4fd393ef8f52062246e06f7e372b7"
    },
    "@std/fs@1.0.18": {
      "integrity": "24bcad99eab1af4fde75e05da6e9ed0e0dce5edb71b7e34baacf86ffe3969f3a",
      "dependencies": [
        "jsr:@std/path@^1.1.0"
      ]
    },
    "@std/io@0.221.0": {
      "integrity": "faf7f8700d46ab527fa05cc6167f4b97701a06c413024431c6b4d207caa010da",
      "dependencies": [
        "jsr:@std/assert",
        "jsr:@std/bytes"
      ]
    },
    "@std/path@1.1.0": {
      "integrity": "ddc94f8e3c275627281cbc23341df6b8bcc874d70374f75fec2533521e3d6886"
    },
    "@std/streams@0.221.0": {
      "integrity": "47f2f74634b47449277c0ee79fe878da4424b66bd8975c032e3afdca88986e61",
      "dependencies": [
        "jsr:@std/io"
      ]
    },
    "@std/streams@1.0.9": {
      "integrity": "a9d26b1988cdd7aa7b1f4b51e1c36c1557f3f252880fa6cc5b9f37078b1a5035"
    },
    "@std/tar@0.1.6": {
      "integrity": "7f06a5359518262207e1c28ea965fd552dff3ba2047d2e9225339af287b1f3a4",
      "dependencies": [
        "jsr:@std/streams@^1.0.9"
      ]
    }
  },
  "npm": {
    "lz4js@0.2.0": {
      "integrity": "sha512-gY2Ia9Lm7Ep8qMiuGRhvUq0Q7qUereeldZPP1PMEJxPtEWHJLqw9pgX68oHajBH0nzJK4MaZEA/YNV3jT8u8Bg=="
    }
  },
  "remote": {
    "https://deno.land/x/lz4@v0.1.0/mod.ts": "95108232d48b6bd679d4124662357c816583289050b5cc742c151c6bc09142aa",
    "https://deno.land/x/lz4@v0.1.0/wasm.js": "377150c5c95b0bd663c4bf4dc8ca22bb4c1727242c3cd42f1809ea0e7e2d9d9a",
    "https://unpkg.com/lz4-wasm@0.9.2/lz4_wasm_bg.js": "83db973947eb543a3a64865abbb5c54e4b6c8624b68af76a684ed0749feb8458",
    "https://unpkg.com/lz4-wasm@0.9.2/lz4_wasm_bg.wasm": "c858f9884d964ec49294b0c09d3330d6b0a640da850dbeb5f9c491e1a3dd58cb"
  }
}
